// !$*UTF8*$!
{
	archiveVersion = 1;
	classes = {
	};
	objectVersion = 46;
	objects = {

/* Begin PBXBuildFile section */
		883D51021AD6BBC3003B70EB /* EndFlag.cpp in Sources */ = {isa = PBXBuildFile; fileRef = 883D51001AD6BBC3003B70EB /* EndFlag.cpp */; };
		88494B6F1A8086B7007DF442 /* CoreServices.framework in Frameworks */ = {isa = PBXBuildFile; fileRef = 88494B6E1A8086B7007DF442 /* CoreServices.framework */; };
		884B57561A7E7F7C009C9578 /* main.cpp in Sources */ = {isa = PBXBuildFile; fileRef = 884B57551A7E7F7C009C9578 /* main.cpp */; };
		884B576F1A7E8045009C9578 /* GLUT.framework in Frameworks */ = {isa = PBXBuildFile; fileRef = 884B576E1A7E8045009C9578 /* GLUT.framework */; };
		884B57711A7E804A009C9578 /* OpenGL.framework in Frameworks */ = {isa = PBXBuildFile; fileRef = 884B57701A7E804A009C9578 /* OpenGL.framework */; };
		884B577E1A7E8158009C9578 /* GameObject.cpp in Sources */ = {isa = PBXBuildFile; fileRef = 884B57721A7E8158009C9578 /* GameObject.cpp */; };
		884B577F1A7E8158009C9578 /* GraphicsManager.cpp in Sources */ = {isa = PBXBuildFile; fileRef = 884B57741A7E8158009C9578 /* GraphicsManager.cpp */; };
		884B57801A7E8158009C9578 /* Object.cpp in Sources */ = {isa = PBXBuildFile; fileRef = 884B57761A7E8158009C9578 /* Object.cpp */; };
		884B57811A7E8158009C9578 /* PhysicsManager.cpp in Sources */ = {isa = PBXBuildFile; fileRef = 884B57781A7E8158009C9578 /* PhysicsManager.cpp */; };
		884B57821A7E8158009C9578 /* Player.cpp in Sources */ = {isa = PBXBuildFile; fileRef = 884B577A1A7E8158009C9578 /* Player.cpp */; };
		884B57831A7E8158009C9578 /* SimManager.cpp in Sources */ = {isa = PBXBuildFile; fileRef = 884B577C1A7E8158009C9578 /* SimManager.cpp */; };
		888090C41A866DA400E315D7 /* SoundManager.cpp in Sources */ = {isa = PBXBuildFile; fileRef = 888090C21A866DA400E315D7 /* SoundManager.cpp */; };
		8883710B1AA0294900372DB7 /* CoreFoundation.framework in Frameworks */ = {isa = PBXBuildFile; fileRef = 889C66DD1AA01B5000D0F77C /* CoreFoundation.framework */; };
		889104951AC4B3BC00991BD9 /* Projectile.cpp in Sources */ = {isa = PBXBuildFile; fileRef = 889104931AC4B3BC00991BD9 /* Projectile.cpp */; };
		88C5D7DC1AA02A4A00CF30D4 /* libSOIL.dylib in Frameworks */ = {isa = PBXBuildFile; fileRef = 88C5D7DB1AA02A4A00CF30D4 /* libSOIL.dylib */; };
		88EC565F1A8529910082647A /* libirrklang.dylib in Frameworks */ = {isa = PBXBuildFile; fileRef = 88EC565E1A8529910082647A /* libirrklang.dylib */; };
		88F145571AD0A34E0097607B /* Item.cpp in Sources */ = {isa = PBXBuildFile; fileRef = 88F145551AD0A34E0097607B /* Item.cpp */; };
		88FDB8B41AA167E1000F9E53 /* InputManager.cpp in Sources */ = {isa = PBXBuildFile; fileRef = 88FDB8B21AA167E1000F9E53 /* InputManager.cpp */; };
		88FDB8B71AA176F9000F9E53 /* Enemy.cpp in Sources */ = {isa = PBXBuildFile; fileRef = 88FDB8B51AA176F9000F9E53 /* Enemy.cpp */; };
		88FDB8BC1AA4025E000F9E53 /* HUDObject.cpp in Sources */ = {isa = PBXBuildFile; fileRef = 88FDB8BA1AA4025E000F9E53 /* HUDObject.cpp */; };
		88FDB8BF1AA40281000F9E53 /* HealthHUD.cpp in Sources */ = {isa = PBXBuildFile; fileRef = 88FDB8BD1AA40281000F9E53 /* HealthHUD.cpp */; };
		88FDB8C31AA405AA000F9E53 /* tinyxml2.cpp in Sources */ = {isa = PBXBuildFile; fileRef = 88FDB8C11AA405AA000F9E53 /* tinyxml2.cpp */; };
		88FDB8C61AA4AC70000F9E53 /* AIController.cpp in Sources */ = {isa = PBXBuildFile; fileRef = 88FDB8C41AA4AC6F000F9E53 /* AIController.cpp */; };
		88FDB8C91AA4C085000F9E53 /* EditorManager.cpp in Sources */ = {isa = PBXBuildFile; fileRef = 88FDB8C71AA4C085000F9E53 /* EditorManager.cpp */; };
/* End PBXBuildFile section */

/* Begin PBXCopyFilesBuildPhase section */
		884B57501A7E7F7C009C9578 /* CopyFiles */ = {
			isa = PBXCopyFilesBuildPhase;
			buildActionMask = 2147483647;
			dstPath = /usr/share/man/man1/;
			dstSubfolderSpec = 0;
			files = (
			);
			runOnlyForDeploymentPostprocessing = 1;
		};
/* End PBXCopyFilesBuildPhase section */

/* Begin PBXFileReference section */
		883D50FE1AD6B93B003B70EB /* EditorStates.h */ = {isa = PBXFileReference; lastKnownFileType = sourcecode.c.h; name = EditorStates.h; path = Managers/EditorStates.h; sourceTree = "<group>"; };
		883D50FF1AD6BB7A003B70EB /* GameObjectEnums.h */ = {isa = PBXFileReference; lastKnownFileType = sourcecode.c.h; name = GameObjectEnums.h; path = GameObjects/GameObjectEnums.h; sourceTree = "<group>"; };
		883D51001AD6BBC3003B70EB /* EndFlag.cpp */ = {isa = PBXFileReference; fileEncoding = 4; lastKnownFileType = sourcecode.cpp.cpp; name = EndFlag.cpp; path = GameObjects/EndFlag.cpp; sourceTree = "<group>"; };
		883D51011AD6BBC3003B70EB /* EndFlag.h */ = {isa = PBXFileReference; fileEncoding = 4; lastKnownFileType = sourcecode.c.h; name = EndFlag.h; path = GameObjects/EndFlag.h; sourceTree = "<group>"; };
		88494B6C1A7FC574007DF442 /* OpenAL.framework */ = {isa = PBXFileReference; lastKnownFileType = wrapper.framework; name = OpenAL.framework; path = System/Library/Frameworks/OpenAL.framework; sourceTree = SDKROOT; };
		88494B6E1A8086B7007DF442 /* CoreServices.framework */ = {isa = PBXFileReference; lastKnownFileType = wrapper.framework; name = CoreServices.framework; path = System/Library/Frameworks/CoreServices.framework; sourceTree = SDKROOT; };
		884B57521A7E7F7C009C9578 /* 2D_Frameworks_Engine */ = {isa = PBXFileReference; explicitFileType = "compiled.mach-o.executable"; includeInIndex = 0; path = 2D_Frameworks_Engine; sourceTree = BUILT_PRODUCTS_DIR; };
		884B57551A7E7F7C009C9578 /* main.cpp */ = {isa = PBXFileReference; lastKnownFileType = sourcecode.cpp.cpp; path = main.cpp; sourceTree = "<group>"; };
		884B576E1A7E8045009C9578 /* GLUT.framework */ = {isa = PBXFileReference; lastKnownFileType = wrapper.framework; name = GLUT.framework; path = System/Library/Frameworks/GLUT.framework; sourceTree = SDKROOT; };
		884B57701A7E804A009C9578 /* OpenGL.framework */ = {isa = PBXFileReference; lastKnownFileType = wrapper.framework; name = OpenGL.framework; path = System/Library/Frameworks/OpenGL.framework; sourceTree = SDKROOT; };
		884B57721A7E8158009C9578 /* GameObject.cpp */ = {isa = PBXFileReference; fileEncoding = 4; lastKnownFileType = sourcecode.cpp.cpp; name = GameObject.cpp; path = GameObjects/GameObject.cpp; sourceTree = "<group>"; };
		884B57731A7E8158009C9578 /* GameObject.h */ = {isa = PBXFileReference; fileEncoding = 4; lastKnownFileType = sourcecode.c.h; name = GameObject.h; path = GameObjects/GameObject.h; sourceTree = "<group>"; };
		884B57741A7E8158009C9578 /* GraphicsManager.cpp */ = {isa = PBXFileReference; fileEncoding = 4; lastKnownFileType = sourcecode.cpp.cpp; name = GraphicsManager.cpp; path = Managers/GraphicsManager.cpp; sourceTree = "<group>"; };
		884B57751A7E8158009C9578 /* GraphicsManager.h */ = {isa = PBXFileReference; fileEncoding = 4; lastKnownFileType = sourcecode.c.h; name = GraphicsManager.h; path = Managers/GraphicsManager.h; sourceTree = "<group>"; };
		884B57761A7E8158009C9578 /* Object.cpp */ = {isa = PBXFileReference; fileEncoding = 4; lastKnownFileType = sourcecode.cpp.cpp; name = Object.cpp; path = GameObjects/Object.cpp; sourceTree = "<group>"; };
		884B57771A7E8158009C9578 /* Object.h */ = {isa = PBXFileReference; fileEncoding = 4; lastKnownFileType = sourcecode.c.h; name = Object.h; path = GameObjects/Object.h; sourceTree = "<group>"; };
		884B57781A7E8158009C9578 /* PhysicsManager.cpp */ = {isa = PBXFileReference; fileEncoding = 4; lastKnownFileType = sourcecode.cpp.cpp; name = PhysicsManager.cpp; path = Managers/PhysicsManager.cpp; sourceTree = "<group>"; };
		884B57791A7E8158009C9578 /* PhysicsManager.h */ = {isa = PBXFileReference; fileEncoding = 4; lastKnownFileType = sourcecode.c.h; name = PhysicsManager.h; path = Managers/PhysicsManager.h; sourceTree = "<group>"; };
		884B577A1A7E8158009C9578 /* Player.cpp */ = {isa = PBXFileReference; fileEncoding = 4; lastKnownFileType = sourcecode.cpp.cpp; name = Player.cpp; path = GameObjects/Player.cpp; sourceTree = "<group>"; };
		884B577B1A7E8158009C9578 /* Player.h */ = {isa = PBXFileReference; fileEncoding = 4; lastKnownFileType = sourcecode.c.h; name = Player.h; path = GameObjects/Player.h; sourceTree = "<group>"; };
		884B577C1A7E8158009C9578 /* SimManager.cpp */ = {isa = PBXFileReference; fileEncoding = 4; lastKnownFileType = sourcecode.cpp.cpp; name = SimManager.cpp; path = Managers/SimManager.cpp; sourceTree = "<group>"; };
		884B577D1A7E8158009C9578 /* SimManager.h */ = {isa = PBXFileReference; fileEncoding = 4; lastKnownFileType = sourcecode.c.h; name = SimManager.h; path = Managers/SimManager.h; sourceTree = "<group>"; };
		888090C21A866DA400E315D7 /* SoundManager.cpp */ = {isa = PBXFileReference; fileEncoding = 4; lastKnownFileType = sourcecode.cpp.cpp; name = SoundManager.cpp; path = Managers/SoundManager.cpp; sourceTree = "<group>"; };
		888090C31A866DA400E315D7 /* SoundManager.h */ = {isa = PBXFileReference; fileEncoding = 4; lastKnownFileType = sourcecode.c.h; name = SoundManager.h; path = Managers/SoundManager.h; sourceTree = "<group>"; };
		889104921AC4AE8D00991BD9 /* PhysicsProperties.h */ = {isa = PBXFileReference; lastKnownFileType = sourcecode.c.h; name = PhysicsProperties.h; path = Managers/PhysicsProperties.h; sourceTree = "<group>"; };
		889104931AC4B3BC00991BD9 /* Projectile.cpp */ = {isa = PBXFileReference; fileEncoding = 4; lastKnownFileType = sourcecode.cpp.cpp; name = Projectile.cpp; path = GameObjects/Projectile.cpp; sourceTree = "<group>"; };
		889104941AC4B3BC00991BD9 /* Projectile.h */ = {isa = PBXFileReference; fileEncoding = 4; lastKnownFileType = sourcecode.c.h; name = Projectile.h; path = GameObjects/Projectile.h; sourceTree = "<group>"; };
		889C66DD1AA01B5000D0F77C /* CoreFoundation.framework */ = {isa = PBXFileReference; lastKnownFileType = wrapper.framework; name = CoreFoundation.framework; path = System/Library/Frameworks/CoreFoundation.framework; sourceTree = SDKROOT; };
		88C5D7DB1AA02A4A00CF30D4 /* libSOIL.dylib */ = {isa = PBXFileReference; lastKnownFileType = "compiled.mach-o.dylib"; name = libSOIL.dylib; path = build/Debug/libSOIL.dylib; sourceTree = "<group>"; };
		88EC565E1A8529910082647A /* libirrklang.dylib */ = {isa = PBXFileReference; lastKnownFileType = "compiled.mach-o.dylib"; name = libirrklang.dylib; path = build/Debug/libirrklang.dylib; sourceTree = "<group>"; };
		88F145551AD0A34E0097607B /* Item.cpp */ = {isa = PBXFileReference; fileEncoding = 4; lastKnownFileType = sourcecode.cpp.cpp; name = Item.cpp; path = GameObjects/Items/Item.cpp; sourceTree = "<group>"; };
		88F145561AD0A34E0097607B /* Item.h */ = {isa = PBXFileReference; fileEncoding = 4; lastKnownFileType = sourcecode.c.h; name = Item.h; path = GameObjects/Items/Item.h; sourceTree = "<group>"; };
		88FDB8B21AA167E1000F9E53 /* InputManager.cpp */ = {isa = PBXFileReference; fileEncoding = 4; lastKnownFileType = sourcecode.cpp.cpp; name = InputManager.cpp; path = Managers/InputManager.cpp; sourceTree = "<group>"; };
		88FDB8B31AA167E1000F9E53 /* InputManager.h */ = {isa = PBXFileReference; fileEncoding = 4; lastKnownFileType = sourcecode.c.h; name = InputManager.h; path = Managers/InputManager.h; sourceTree = "<group>"; };
		88FDB8B51AA176F9000F9E53 /* Enemy.cpp */ = {isa = PBXFileReference; fileEncoding = 4; lastKnownFileType = sourcecode.cpp.cpp; name = Enemy.cpp; path = GameObjects/Enemy.cpp; sourceTree = "<group>"; };
		88FDB8B61AA176F9000F9E53 /* Enemy.h */ = {isa = PBXFileReference; fileEncoding = 4; lastKnownFileType = sourcecode.c.h; name = Enemy.h; path = GameObjects/Enemy.h; sourceTree = "<group>"; };
		88FDB8BA1AA4025E000F9E53 /* HUDObject.cpp */ = {isa = PBXFileReference; fileEncoding = 4; lastKnownFileType = sourcecode.cpp.cpp; name = HUDObject.cpp; path = GameObjects/HUDObject.cpp; sourceTree = "<group>"; };
		88FDB8BB1AA4025E000F9E53 /* HUDObject.h */ = {isa = PBXFileReference; fileEncoding = 4; lastKnownFileType = sourcecode.c.h; name = HUDObject.h; path = GameObjects/HUDObject.h; sourceTree = "<group>"; };
		88FDB8BD1AA40281000F9E53 /* HealthHUD.cpp */ = {isa = PBXFileReference; fileEncoding = 4; lastKnownFileType = sourcecode.cpp.cpp; name = HealthHUD.cpp; path = GameObjects/HealthHUD.cpp; sourceTree = "<group>"; };
		88FDB8BE1AA40281000F9E53 /* HealthHUD.h */ = {isa = PBXFileReference; fileEncoding = 4; lastKnownFileType = sourcecode.c.h; name = HealthHUD.h; path = GameObjects/HealthHUD.h; sourceTree = "<group>"; };
		88FDB8C11AA405AA000F9E53 /* tinyxml2.cpp */ = {isa = PBXFileReference; fileEncoding = 4; lastKnownFileType = sourcecode.cpp.cpp; name = tinyxml2.cpp; path = tinyxml2/tinyxml2.cpp; sourceTree = "<group>"; };
		88FDB8C21AA405AA000F9E53 /* tinyxml2.h */ = {isa = PBXFileReference; fileEncoding = 4; lastKnownFileType = sourcecode.c.h; name = tinyxml2.h; path = tinyxml2/tinyxml2.h; sourceTree = "<group>"; };
		88FDB8C41AA4AC6F000F9E53 /* AIController.cpp */ = {isa = PBXFileReference; fileEncoding = 4; lastKnownFileType = sourcecode.cpp.cpp; name = AIController.cpp; path = GameObjects/AIController.cpp; sourceTree = "<group>"; };
		88FDB8C51AA4AC70000F9E53 /* AIController.h */ = {isa = PBXFileReference; fileEncoding = 4; lastKnownFileType = sourcecode.c.h; name = AIController.h; path = GameObjects/AIController.h; sourceTree = "<group>"; };
		88FDB8C71AA4C085000F9E53 /* EditorManager.cpp */ = {isa = PBXFileReference; fileEncoding = 4; lastKnownFileType = sourcecode.cpp.cpp; name = EditorManager.cpp; path = Managers/EditorManager.cpp; sourceTree = "<group>"; };
		88FDB8C81AA4C085000F9E53 /* EditorManager.h */ = {isa = PBXFileReference; fileEncoding = 4; lastKnownFileType = sourcecode.c.h; name = EditorManager.h; path = Managers/EditorManager.h; sourceTree = "<group>"; };
/* End PBXFileReference section */

/* Begin PBXFrameworksBuildPhase section */
		884B574F1A7E7F7C009C9578 /* Frameworks */ = {
			isa = PBXFrameworksBuildPhase;
			buildActionMask = 2147483647;
			files = (
				88C5D7DC1AA02A4A00CF30D4 /* libSOIL.dylib in Frameworks */,
				8883710B1AA0294900372DB7 /* CoreFoundation.framework in Frameworks */,
				88EC565F1A8529910082647A /* libirrklang.dylib in Frameworks */,
				88494B6F1A8086B7007DF442 /* CoreServices.framework in Frameworks */,
				884B57711A7E804A009C9578 /* OpenGL.framework in Frameworks */,
				884B576F1A7E8045009C9578 /* GLUT.framework in Frameworks */,
			);
			runOnlyForDeploymentPostprocessing = 0;
		};
/* End PBXFrameworksBuildPhase section */

/* Begin PBXGroup section */
		884B57491A7E7F7C009C9578 = {
			isa = PBXGroup;
			children = (
				88C5D7DB1AA02A4A00CF30D4 /* libSOIL.dylib */,
				889C66DD1AA01B5000D0F77C /* CoreFoundation.framework */,
				88EC565E1A8529910082647A /* libirrklang.dylib */,
				88494B6E1A8086B7007DF442 /* CoreServices.framework */,
				88494B6C1A7FC574007DF442 /* OpenAL.framework */,
				884B57701A7E804A009C9578 /* OpenGL.framework */,
				884B576E1A7E8045009C9578 /* GLUT.framework */,
				884B57541A7E7F7C009C9578 /* 2D_Frameworks_Engine */,
				884B57531A7E7F7C009C9578 /* Products */,
			);
			sourceTree = "<group>";
		};
		884B57531A7E7F7C009C9578 /* Products */ = {
			isa = PBXGroup;
			children = (
				884B57521A7E7F7C009C9578 /* 2D_Frameworks_Engine */,
			);
			name = Products;
			sourceTree = "<group>";
		};
		884B57541A7E7F7C009C9578 /* 2D_Frameworks_Engine */ = {
			isa = PBXGroup;
			children = (
				88FDB8C01AA4058A000F9E53 /* tinyxml2 */,
				88FDB8B91AA177ED000F9E53 /* Managers */,
				88FDB8B81AA177CA000F9E53 /* Objects */,
				884B57551A7E7F7C009C9578 /* main.cpp */,
			);
			path = 2D_Frameworks_Engine;
			sourceTree = "<group>";
		};
		88FDB8B81AA177CA000F9E53 /* Objects */ = {
			isa = PBXGroup;
			children = (
				884B57721A7E8158009C9578 /* GameObject.cpp */,
				884B57731A7E8158009C9578 /* GameObject.h */,
				884B57761A7E8158009C9578 /* Object.cpp */,
				884B57771A7E8158009C9578 /* Object.h */,
				884B577A1A7E8158009C9578 /* Player.cpp */,
				884B577B1A7E8158009C9578 /* Player.h */,
				88FDB8B51AA176F9000F9E53 /* Enemy.cpp */,
				88FDB8B61AA176F9000F9E53 /* Enemy.h */,
				88FDB8BA1AA4025E000F9E53 /* HUDObject.cpp */,
				88FDB8BB1AA4025E000F9E53 /* HUDObject.h */,
				88FDB8BD1AA40281000F9E53 /* HealthHUD.cpp */,
				88FDB8BE1AA40281000F9E53 /* HealthHUD.h */,
				889104931AC4B3BC00991BD9 /* Projectile.cpp */,
				889104941AC4B3BC00991BD9 /* Projectile.h */,
				88F145551AD0A34E0097607B /* Item.cpp */,
				88F145561AD0A34E0097607B /* Item.h */,
				883D50FF1AD6BB7A003B70EB /* GameObjectEnums.h */,
				883D51001AD6BBC3003B70EB /* EndFlag.cpp */,
				883D51011AD6BBC3003B70EB /* EndFlag.h */,
			);
			name = Objects;
			sourceTree = "<group>";
		};
		88FDB8B91AA177ED000F9E53 /* Managers */ = {
			isa = PBXGroup;
			children = (
				884B57741A7E8158009C9578 /* GraphicsManager.cpp */,
				884B57751A7E8158009C9578 /* GraphicsManager.h */,
				884B57781A7E8158009C9578 /* PhysicsManager.cpp */,
				884B57791A7E8158009C9578 /* PhysicsManager.h */,
				884B577C1A7E8158009C9578 /* SimManager.cpp */,
				884B577D1A7E8158009C9578 /* SimManager.h */,
				888090C21A866DA400E315D7 /* SoundManager.cpp */,
				888090C31A866DA400E315D7 /* SoundManager.h */,
				88FDB8B21AA167E1000F9E53 /* InputManager.cpp */,
				88FDB8B31AA167E1000F9E53 /* InputManager.h */,
				88FDB8C41AA4AC6F000F9E53 /* AIController.cpp */,
				88FDB8C51AA4AC70000F9E53 /* AIController.h */,
				88FDB8C71AA4C085000F9E53 /* EditorManager.cpp */,
				88FDB8C81AA4C085000F9E53 /* EditorManager.h */,
				889104921AC4AE8D00991BD9 /* PhysicsProperties.h */,
				883D50FE1AD6B93B003B70EB /* EditorStates.h */,
			);
			name = Managers;
			sourceTree = "<group>";
		};
		88FDB8C01AA4058A000F9E53 /* tinyxml2 */ = {
			isa = PBXGroup;
			children = (
				88FDB8C11AA405AA000F9E53 /* tinyxml2.cpp */,
				88FDB8C21AA405AA000F9E53 /* tinyxml2.h */,
			);
			name = tinyxml2;
			sourceTree = "<group>";
		};
/* End PBXGroup section */

/* Begin PBXNativeTarget section */
		884B57511A7E7F7C009C9578 /* 2D_Frameworks_Engine */ = {
			isa = PBXNativeTarget;
			buildConfigurationList = 884B57591A7E7F7C009C9578 /* Build configuration list for PBXNativeTarget "2D_Frameworks_Engine" */;
			buildPhases = (
				884B574E1A7E7F7C009C9578 /* Sources */,
				884B574F1A7E7F7C009C9578 /* Frameworks */,
				884B57501A7E7F7C009C9578 /* CopyFiles */,
			);
			buildRules = (
			);
			dependencies = (
			);
			name = 2D_Frameworks_Engine;
			productName = 2D_Frameworks_Engine;
			productReference = 884B57521A7E7F7C009C9578 /* 2D_Frameworks_Engine */;
			productType = "com.apple.product-type.tool";
		};
/* End PBXNativeTarget section */

/* Begin PBXProject section */
		884B574A1A7E7F7C009C9578 /* Project object */ = {
			isa = PBXProject;
			attributes = {
				LastUpgradeCheck = 0610;
				ORGANIZATIONNAME = "Caleb Sumpter";
				TargetAttributes = {
					884B57511A7E7F7C009C9578 = {
						CreatedOnToolsVersion = 6.1.1;
					};
				};
			};
			buildConfigurationList = 884B574D1A7E7F7C009C9578 /* Build configuration list for PBXProject "2D_Frameworks_Engine" */;
			compatibilityVersion = "Xcode 3.2";
			developmentRegion = English;
			hasScannedForEncodings = 0;
			knownRegions = (
				en,
			);
			mainGroup = 884B57491A7E7F7C009C9578;
			productRefGroup = 884B57531A7E7F7C009C9578 /* Products */;
			projectDirPath = "";
			projectRoot = "";
			targets = (
				884B57511A7E7F7C009C9578 /* 2D_Frameworks_Engine */,
			);
		};
/* End PBXProject section */

/* Begin PBXSourcesBuildPhase section */
		884B574E1A7E7F7C009C9578 /* Sources */ = {
			isa = PBXSourcesBuildPhase;
			buildActionMask = 2147483647;
			files = (
				889104951AC4B3BC00991BD9 /* Projectile.cpp in Sources */,
				88FDB8BC1AA4025E000F9E53 /* HUDObject.cpp in Sources */,
				88FDB8C61AA4AC70000F9E53 /* AIController.cpp in Sources */,
				88FDB8BF1AA40281000F9E53 /* HealthHUD.cpp in Sources */,
				884B577F1A7E8158009C9578 /* GraphicsManager.cpp in Sources */,
				88FDB8C91AA4C085000F9E53 /* EditorManager.cpp in Sources */,
				88F145571AD0A34E0097607B /* Item.cpp in Sources */,
				883D51021AD6BBC3003B70EB /* EndFlag.cpp in Sources */,
				884B57831A7E8158009C9578 /* SimManager.cpp in Sources */,
				88FDB8B71AA176F9000F9E53 /* Enemy.cpp in Sources */,
				884B577E1A7E8158009C9578 /* GameObject.cpp in Sources */,
				884B57821A7E8158009C9578 /* Player.cpp in Sources */,
				884B57801A7E8158009C9578 /* Object.cpp in Sources */,
				88FDB8B41AA167E1000F9E53 /* InputManager.cpp in Sources */,
				88FDB8C31AA405AA000F9E53 /* tinyxml2.cpp in Sources */,
				888090C41A866DA400E315D7 /* SoundManager.cpp in Sources */,
				884B57811A7E8158009C9578 /* PhysicsManager.cpp in Sources */,
				884B57561A7E7F7C009C9578 /* main.cpp in Sources */,
			);
			runOnlyForDeploymentPostprocessing = 0;
		};
/* End PBXSourcesBuildPhase section */

/* Begin XCBuildConfiguration section */
		884B57571A7E7F7C009C9578 /* Debug */ = {
			isa = XCBuildConfiguration;
			buildSettings = {
				ALWAYS_SEARCH_USER_PATHS = NO;
				CLANG_CXX_LANGUAGE_STANDARD = "gnu++0x";
				CLANG_CXX_LIBRARY = "libc++";
				CLANG_ENABLE_MODULES = YES;
				CLANG_ENABLE_OBJC_ARC = YES;
				CLANG_WARN_BOOL_CONVERSION = YES;
				CLANG_WARN_CONSTANT_CONVERSION = YES;
				CLANG_WARN_DIRECT_OBJC_ISA_USAGE = YES_ERROR;
				CLANG_WARN_EMPTY_BODY = YES;
				CLANG_WARN_ENUM_CONVERSION = YES;
				CLANG_WARN_INT_CONVERSION = YES;
				CLANG_WARN_OBJC_ROOT_CLASS = YES_ERROR;
				CLANG_WARN_UNREACHABLE_CODE = YES;
				CLANG_WARN__DUPLICATE_METHOD_MATCH = YES;
				COPY_PHASE_STRIP = NO;
				ENABLE_STRICT_OBJC_MSGSEND = YES;
				GCC_C_LANGUAGE_STANDARD = gnu99;
				GCC_DYNAMIC_NO_PIC = NO;
				GCC_OPTIMIZATION_LEVEL = 0;
				GCC_PREPROCESSOR_DEFINITIONS = (
					"DEBUG=1",
					"$(inherited)",
				);
				GCC_SYMBOLS_PRIVATE_EXTERN = NO;
				GCC_WARN_64_TO_32_BIT_CONVERSION = YES;
				GCC_WARN_ABOUT_RETURN_TYPE = YES_ERROR;
				GCC_WARN_UNDECLARED_SELECTOR = YES;
				GCC_WARN_UNINITIALIZED_AUTOS = YES_AGGRESSIVE;
				GCC_WARN_UNUSED_FUNCTION = YES;
				GCC_WARN_UNUSED_VARIABLE = YES;
				MACOSX_DEPLOYMENT_TARGET = 10.10;
				MTL_ENABLE_DEBUG_INFO = YES;
				ONLY_ACTIVE_ARCH = YES;
				SDKROOT = macosx;
			};
			name = Debug;
		};
		884B57581A7E7F7C009C9578 /* Release */ = {
			isa = XCBuildConfiguration;
			buildSettings = {
				ALWAYS_SEARCH_USER_PATHS = NO;
				CLANG_CXX_LANGUAGE_STANDARD = "gnu++0x";
				CLANG_CXX_LIBRARY = "libc++";
				CLANG_ENABLE_MODULES = YES;
				CLANG_ENABLE_OBJC_ARC = YES;
				CLANG_WARN_BOOL_CONVERSION = YES;
				CLANG_WARN_CONSTANT_CONVERSION = YES;
				CLANG_WARN_DIRECT_OBJC_ISA_USAGE = YES_ERROR;
				CLANG_WARN_EMPTY_BODY = YES;
				CLANG_WARN_ENUM_CONVERSION = YES;
				CLANG_WARN_INT_CONVERSION = YES;
				CLANG_WARN_OBJC_ROOT_CLASS = YES_ERROR;
				CLANG_WARN_UNREACHABLE_CODE = YES;
				CLANG_WARN__DUPLICATE_METHOD_MATCH = YES;
				COPY_PHASE_STRIP = YES;
				DEBUG_INFORMATION_FORMAT = "dwarf-with-dsym";
				ENABLE_NS_ASSERTIONS = NO;
				ENABLE_STRICT_OBJC_MSGSEND = YES;
				GCC_C_LANGUAGE_STANDARD = gnu99;
				GCC_WARN_64_TO_32_BIT_CONVERSION = YES;
				GCC_WARN_ABOUT_RETURN_TYPE = YES_ERROR;
				GCC_WARN_UNDECLARED_SELECTOR = YES;
				GCC_WARN_UNINITIALIZED_AUTOS = YES_AGGRESSIVE;
				GCC_WARN_UNUSED_FUNCTION = YES;
				GCC_WARN_UNUSED_VARIABLE = YES;
				MACOSX_DEPLOYMENT_TARGET = 10.10;
				MTL_ENABLE_DEBUG_INFO = NO;
				SDKROOT = macosx;
			};
			name = Release;
		};
		884B575A1A7E7F7C009C9578 /* Debug */ = {
			isa = XCBuildConfiguration;
			buildSettings = {
				HEADER_SEARCH_PATHS = (
					build/include,
					/opt/X11/include,
					/usr/local/include,
					/opt/local/include,
				);
				LIBRARY_SEARCH_PATHS = (
					/opt/X11/lib,
					/usr/local/lib,
					"$(PROJECT_DIR)/build/Debug",
					build/include,
					/Users/calebsumpter/Documents/Projects/libSOIL,
					/opt/local/lib,
				);
				OTHER_LDFLAGS = "-lGLUT";
				PRODUCT_NAME = "$(TARGET_NAME)";
			};
			name = Debug;
		};
		884B575B1A7E7F7C009C9578 /* Release */ = {
			isa = XCBuildConfiguration;
			buildSettings = {
				HEADER_SEARCH_PATHS = (
					build/include,
					/opt/X11/include,
					/usr/local/include,
					/opt/local/include,
				);
				LIBRARY_SEARCH_PATHS = (
					/opt/X11/lib,
					/usr/local/lib,
					"$(PROJECT_DIR)/build/Debug",
					build/include,
					/Users/calebsumpter/Documents/Projects/libSOIL,
					/opt/local/lib,
				);
				OTHER_LDFLAGS = "-lGLUT";
				PRODUCT_NAME = "$(TARGET_NAME)";
			};
			name = Release;
		};
/* End XCBuildConfiguration section */

/* Begin XCConfigurationList section */
		884B574D1A7E7F7C009C9578 /* Build configuration list for PBXProject "2D_Frameworks_Engine" */ = {
			isa = XCConfigurationList;
			buildConfigurations = (
				884B57571A7E7F7C009C9578 /* Debug */,
				884B57581A7E7F7C009C9578 /* Release */,
			);
			defaultConfigurationIsVisible = 0;
			defaultConfigurationName = Release;
		};
		884B57591A7E7F7C009C9578 /* Build configuration list for PBXNativeTarget "2D_Frameworks_Engine" */ = {
			isa = XCConfigurationList;
			buildConfigurations = (
				884B575A1A7E7F7C009C9578 /* Debug */,
				884B575B1A7E7F7C009C9578 /* Release */,
			);
			defaultConfigurationIsVisible = 0;
			defaultConfigurationName = Release;
		};
/* End XCConfigurationList section */
	};
	rootObject = 884B574A1A7E7F7C009C9578 /* Project object */;
}
