
Microsoft Visual Studio Solution File, Format Version 12.00
# Visual Studio 2012
Project("{8BC9CEB8-8B4A-11D0-8D11-00A0C91BC942}") = "2D_Frameworks_Engine", "2D_Frameworks_Engine\2D_Frameworks_Engine.vcxproj", "{E3BFB943-2BDC-4232-99F1-003515B03D0C}"
EndProject
Global
	GlobalSection(SolutionConfigurationPlatforms) = preSolution
		Debug|Win32 = Debug|Win32
		Release|Win32 = Release|Win32
	EndGlobalSection
	GlobalSection(ProjectConfigurationPlatforms) = postSolution
		{E3BFB943-2BDC-4232-99F1-003515B03D0C}.Debug|Win32.ActiveCfg = Debug|Win32
		{E3BFB943-2BDC-4232-99F1-003515B03D0C}.Debug|Win32.Build.0 = Debug|Win32
		{E3BFB943-2BDC-4232-99F1-003515B03D0C}.Release|Win32.ActiveCfg = Release|Win32
		{E3BFB943-2BDC-4232-99F1-003515B03D0C}.Release|Win32.Build.0 = Release|Win32
	EndGlobalSection
	GlobalSection(SolutionProperties) = preSolution
		HideSolutionNode = FALSE
	EndGlobalSection
EndGlobal
